
Microsoft Visual Studio Solution File, Format Version 12.00
# Visual Studio Version 17
VisualStudioVersion = 17.1.32210.238
MinimumVisualStudioVersion = 10.0.40219.1
Project("{2150E333-8FDC-42A3-9474-1A3956D46DE8}") = "Docs", "Docs", "{9593D44F-441C-46C4-A214-108E4567F95B}"
	ProjectSection(SolutionItems) = preProject
		LICENSE = LICENSE
		README.md = README.md
	EndProjectSection
EndProject
Project("{9A19103F-16F7-4668-BE54-9A1E7A4F7556}") = "FakeTimeZone.Tests.Unit", "tests\FakeTimeZone.Tests.Unit\FakeTimeZone.Tests.Unit.csproj", "{A2017D80-8141-4F06-9DB1-D4F1AFF0A7DC}"
EndProject
Project("{9A19103F-16F7-4668-BE54-9A1E7A4F7556}") = "FakeTimeZone", "src\FakeTimeZone\FakeTimeZone.csproj", "{7B85372B-83C9-4E7D-B9A8-38024C796678}"
EndProject
Global
	GlobalSection(SolutionConfigurationPlatforms) = preSolution
		Debug|Any CPU = Debug|Any CPU
		Release|Any CPU = Release|Any CPU
	EndGlobalSection
	GlobalSection(ProjectConfigurationPlatforms) = postSolution
		{A2017D80-8141-4F06-9DB1-D4F1AFF0A7DC}.Debug|Any CPU.ActiveCfg = Debug|Any CPU
		{A2017D80-8141-4F06-9DB1-D4F1AFF0A7DC}.Debug|Any CPU.Build.0 = Debug|Any CPU
		{A2017D80-8141-4F06-9DB1-D4F1AFF0A7DC}.Release|Any CPU.ActiveCfg = Release|Any CPU
		{A2017D80-8141-4F06-9DB1-D4F1AFF0A7DC}.Release|Any CPU.Build.0 = Release|Any CPU
		{7B85372B-83C9-4E7D-B9A8-38024C796678}.Debug|Any CPU.ActiveCfg = Debug|Any CPU
		{7B85372B-83C9-4E7D-B9A8-38024C796678}.Debug|Any CPU.Build.0 = Debug|Any CPU
		{7B85372B-83C9-4E7D-B9A8-38024C796678}.Release|Any CPU.ActiveCfg = Release|Any CPU
		{7B85372B-83C9-4E7D-B9A8-38024C796678}.Release|Any CPU.Build.0 = Release|Any CPU
	EndGlobalSection
	GlobalSection(SolutionProperties) = preSolution
		HideSolutionNode = FALSE
	EndGlobalSection
	GlobalSection(ExtensibilityGlobals) = postSolution
		SolutionGuid = {D6457A4A-883A-4160-B76C-D30370261EB6}
	EndGlobalSection
EndGlobal
